
Microsoft Visual Studio Solution File, Format Version 12.00
# Visual Studio Version 16
VisualStudioVersion = 16.0.31112.23
MinimumVisualStudioVersion = 10.0.40219.1
Project("{FAE04EC0-301F-11D3-BF4B-00C04F79EFBC}") = "SWCPanel", "SWCPanel\SWCPanel.csproj", "{C1CE2DF5-658A-4A5F-B274-41623D38224D}"
EndProject
Global
	GlobalSection(SolutionConfigurationPlatforms) = preSolution
		Debug|Any CPU = Debug|Any CPU
		Release|Any CPU = Release|Any CPU
	EndGlobalSection
	GlobalSection(ProjectConfigurationPlatforms) = postSolution
		{C1CE2DF5-658A-4A5F-B274-41623D38224D}.Debug|Any CPU.ActiveCfg = Debug|Any CPU
		{C1CE2DF5-658A-4A5F-B274-41623D38224D}.Debug|Any CPU.Build.0 = Debug|Any CPU
		{C1CE2DF5-658A-4A5F-B274-41623D38224D}.Release|Any CPU.ActiveCfg = Release|Any CPU
		{C1CE2DF5-658A-4A5F-B274-41623D38224D}.Release|Any CPU.Build.0 = Release|Any CPU
	EndGlobalSection
	GlobalSection(SolutionProperties) = preSolution
		HideSolutionNode = FALSE
	EndGlobalSection
	GlobalSection(ExtensibilityGlobals) = postSolution
		SolutionGuid = {6566ACC4-7214-47AA-B0EF-F481F9042E48}
	EndGlobalSection
EndGlobal
